
Microsoft Visual Studio Solution File, Format Version 12.00
# Visual Studio 15
VisualStudioVersion = 15.0.27130.2024
MinimumVisualStudioVersion = 10.0.40219.1
Project("{FAE04EC0-301F-11D3-BF4B-00C04F79EFBC}") = "Problem 3", "Problem 3\Problem 3.csproj", "{70623FB9-EF6D-4A77-A96A-283A42E98B9A}"
EndProject
Global
	GlobalSection(SolutionConfigurationPlatforms) = preSolution
		Debug|Any CPU = Debug|Any CPU
		Release|Any CPU = Release|Any CPU
	EndGlobalSection
	GlobalSection(ProjectConfigurationPlatforms) = postSolution
		{70623FB9-EF6D-4A77-A96A-283A42E98B9A}.Debug|Any CPU.ActiveCfg = Debug|Any CPU
		{70623FB9-EF6D-4A77-A96A-283A42E98B9A}.Debug|Any CPU.Build.0 = Debug|Any CPU
		{70623FB9-EF6D-4A77-A96A-283A42E98B9A}.Release|Any CPU.ActiveCfg = Release|Any CPU
		{70623FB9-EF6D-4A77-A96A-283A42E98B9A}.Release|Any CPU.Build.0 = Release|Any CPU
	EndGlobalSection
	GlobalSection(SolutionProperties) = preSolution
		HideSolutionNode = FALSE
	EndGlobalSection
	GlobalSection(ExtensibilityGlobals) = postSolution
		SolutionGuid = {5ED65222-8B7E-45AF-BBAD-676E44557CEA}
	EndGlobalSection
EndGlobal
