
Microsoft Visual Studio Solution File, Format Version 12.00
# Visual Studio 15
VisualStudioVersion = 15.0.27130.2024
MinimumVisualStudioVersion = 10.0.40219.1
Project("{FAE04EC0-301F-11D3-BF4B-00C04F79EFBC}") = "Problem 2", "Problem 2\Problem 2.csproj", "{A8986EB5-523A-4D27-98FE-4CD20F4F02AB}"
EndProject
Global
	GlobalSection(SolutionConfigurationPlatforms) = preSolution
		Debug|Any CPU = Debug|Any CPU
		Release|Any CPU = Release|Any CPU
	EndGlobalSection
	GlobalSection(ProjectConfigurationPlatforms) = postSolution
		{A8986EB5-523A-4D27-98FE-4CD20F4F02AB}.Debug|Any CPU.ActiveCfg = Debug|Any CPU
		{A8986EB5-523A-4D27-98FE-4CD20F4F02AB}.Debug|Any CPU.Build.0 = Debug|Any CPU
		{A8986EB5-523A-4D27-98FE-4CD20F4F02AB}.Release|Any CPU.ActiveCfg = Release|Any CPU
		{A8986EB5-523A-4D27-98FE-4CD20F4F02AB}.Release|Any CPU.Build.0 = Release|Any CPU
	EndGlobalSection
	GlobalSection(SolutionProperties) = preSolution
		HideSolutionNode = FALSE
	EndGlobalSection
	GlobalSection(ExtensibilityGlobals) = postSolution
		SolutionGuid = {B119ABD9-F2DB-41D6-A51B-EE67FB04D781}
	EndGlobalSection
EndGlobal
