
Microsoft Visual Studio Solution File, Format Version 12.00
# Visual Studio 15
VisualStudioVersion = 15.0.27703.2018
MinimumVisualStudioVersion = 10.0.40219.1
Project("{FAE04EC0-301F-11D3-BF4B-00C04F79EFBC}") = "MT_Data_Statistics", "MT_Data_Statistics\MT_Data_Statistics.csproj", "{C6D970AD-51FC-4BB7-A9B3-87F31E0EBC0E}"
EndProject
Global
	GlobalSection(SolutionConfigurationPlatforms) = preSolution
		Debug|Any CPU = Debug|Any CPU
		Release|Any CPU = Release|Any CPU
	EndGlobalSection
	GlobalSection(ProjectConfigurationPlatforms) = postSolution
		{C6D970AD-51FC-4BB7-A9B3-87F31E0EBC0E}.Debug|Any CPU.ActiveCfg = Debug|Any CPU
		{C6D970AD-51FC-4BB7-A9B3-87F31E0EBC0E}.Debug|Any CPU.Build.0 = Debug|Any CPU
		{C6D970AD-51FC-4BB7-A9B3-87F31E0EBC0E}.Release|Any CPU.ActiveCfg = Release|Any CPU
		{C6D970AD-51FC-4BB7-A9B3-87F31E0EBC0E}.Release|Any CPU.Build.0 = Release|Any CPU
	EndGlobalSection
	GlobalSection(SolutionProperties) = preSolution
		HideSolutionNode = FALSE
	EndGlobalSection
	GlobalSection(ExtensibilityGlobals) = postSolution
		SolutionGuid = {AF520768-C9D6-46B5-873F-F15E9F8D19EC}
	EndGlobalSection
EndGlobal
