
Microsoft Visual Studio Solution File, Format Version 12.00
# Visual Studio 15
VisualStudioVersion = 15.0.27130.2024
MinimumVisualStudioVersion = 10.0.40219.1
Project("{FAE04EC0-301F-11D3-BF4B-00C04F79EFBC}") = "Problem 4", "Problem 4\Problem 4.csproj", "{5E5C1E03-C5BC-40BD-9246-2AB1A88DB789}"
EndProject
Global
	GlobalSection(SolutionConfigurationPlatforms) = preSolution
		Debug|Any CPU = Debug|Any CPU
		Release|Any CPU = Release|Any CPU
	EndGlobalSection
	GlobalSection(ProjectConfigurationPlatforms) = postSolution
		{5E5C1E03-C5BC-40BD-9246-2AB1A88DB789}.Debug|Any CPU.ActiveCfg = Debug|Any CPU
		{5E5C1E03-C5BC-40BD-9246-2AB1A88DB789}.Debug|Any CPU.Build.0 = Debug|Any CPU
		{5E5C1E03-C5BC-40BD-9246-2AB1A88DB789}.Release|Any CPU.ActiveCfg = Release|Any CPU
		{5E5C1E03-C5BC-40BD-9246-2AB1A88DB789}.Release|Any CPU.Build.0 = Release|Any CPU
	EndGlobalSection
	GlobalSection(SolutionProperties) = preSolution
		HideSolutionNode = FALSE
	EndGlobalSection
	GlobalSection(ExtensibilityGlobals) = postSolution
		SolutionGuid = {D318CB76-8D64-474C-8601-A2FD9990303E}
	EndGlobalSection
EndGlobal
